
Microsoft Visual Studio Solution File, Format Version 12.00
# Visual Studio 15
VisualStudioVersion = 15.0.28010.2036
MinimumVisualStudioVersion = 10.0.40219.1
Project("{FAE04EC0-301F-11D3-BF4B-00C04F79EFBC}") = "AlgoRunner.Api", "AlgoRunner.Api\AlgoRunner.Api.csproj", "{ED6DD72E-DE32-4724-87B8-17DD629C11A2}"
EndProject
Global
	GlobalSection(SolutionConfigurationPlatforms) = preSolution
		Debug|Any CPU = Debug|Any CPU
		Release|Any CPU = Release|Any CPU
	EndGlobalSection
	GlobalSection(ProjectConfigurationPlatforms) = postSolution
		{ED6DD72E-DE32-4724-87B8-17DD629C11A2}.Debug|Any CPU.ActiveCfg = Debug|Any CPU
		{ED6DD72E-DE32-4724-87B8-17DD629C11A2}.Debug|Any CPU.Build.0 = Debug|Any CPU
		{ED6DD72E-DE32-4724-87B8-17DD629C11A2}.Release|Any CPU.ActiveCfg = Release|Any CPU
		{ED6DD72E-DE32-4724-87B8-17DD629C11A2}.Release|Any CPU.Build.0 = Release|Any CPU
	EndGlobalSection
	GlobalSection(SolutionProperties) = preSolution
		HideSolutionNode = FALSE
	EndGlobalSection
	GlobalSection(ExtensibilityGlobals) = postSolution
		SolutionGuid = {5AF86F22-769C-4A71-9DF6-B867016F4435}
	EndGlobalSection
EndGlobal
